Microsoft Visual Studio Solution File, Format Version 12.00
# Visual Studio Version 17
VisualStudioVersion = 17.5.2.0
MinimumVisualStudioVersion = 10.0.40219.1
Project("{FAE04EC0-301F-11D3-BF4B-00C04F79EFBC}") = "inmobiliaria-api", "inmobiliaria-api.csproj", "{D54BF202-8802-FD8D-9BB1-5B281354963B}"
EndProject
Global
	GlobalSection(SolutionConfigurationPlatforms) = preSolution
		Debug|Any CPU = Debug|Any CPU
		Release|Any CPU = Release|Any CPU
	EndGlobalSection
	GlobalSection(ProjectConfigurationPlatforms) = postSolution
		{D54BF202-8802-FD8D-9BB1-5B281354963B}.Debug|Any CPU.ActiveCfg = Debug|Any CPU
		{D54BF202-8802-FD8D-9BB1-5B281354963B}.Debug|Any CPU.Build.0 = Debug|Any CPU
		{D54BF202-8802-FD8D-9BB1-5B281354963B}.Release|Any CPU.ActiveCfg = Release|Any CPU
		{D54BF202-8802-FD8D-9BB1-5B281354963B}.Release|Any CPU.Build.0 = Release|Any CPU
	EndGlobalSection
	GlobalSection(SolutionProperties) = preSolution
		HideSolutionNode = FALSE
	EndGlobalSection
	GlobalSection(ExtensibilityGlobals) = postSolution
		SolutionGuid = {85FB9FAD-2E19-49AB-ADC2-27F2726F7806}
	EndGlobalSection
EndGlobal
